
Microsoft Visual Studio Solution File, Format Version 12.00
# Visual Studio Version 17
VisualStudioVersion = 17.5.33502.453
MinimumVisualStudioVersion = 10.0.40219.1
Project("{FAE04EC0-301F-11D3-BF4B-00C04F79EFBC}") = "rotatingGraphicsWheel", "rotatingGraphicsWheel\rotatingGraphicsWheel.csproj", "{9ABEDA03-C732-42CE-BB1F-6E795BFE22BF}"
EndProject
Global
	GlobalSection(SolutionConfigurationPlatforms) = preSolution
		Debug|Any CPU = Debug|Any CPU
		Release|Any CPU = Release|Any CPU
	EndGlobalSection
	GlobalSection(ProjectConfigurationPlatforms) = postSolution
		{9ABEDA03-C732-42CE-BB1F-6E795BFE22BF}.Debug|Any CPU.ActiveCfg = Debug|Any CPU
		{9ABEDA03-C732-42CE-BB1F-6E795BFE22BF}.Debug|Any CPU.Build.0 = Debug|Any CPU
		{9ABEDA03-C732-42CE-BB1F-6E795BFE22BF}.Release|Any CPU.ActiveCfg = Release|Any CPU
		{9ABEDA03-C732-42CE-BB1F-6E795BFE22BF}.Release|Any CPU.Build.0 = Release|Any CPU
	EndGlobalSection
	GlobalSection(SolutionProperties) = preSolution
		HideSolutionNode = FALSE
	EndGlobalSection
	GlobalSection(ExtensibilityGlobals) = postSolution
		SolutionGuid = {DE76F7E7-60EC-4043-80AB-48A3AC0F3703}
	EndGlobalSection
EndGlobal
